
Microsoft Visual Studio Solution File, Format Version 12.00
# Visual Studio 15
Project("{FAE04EC0-301F-11D3-BF4B-00C04F79EFBC}") = "Wario", "Wario.csproj", "{81CAD5AB-4619-1838-1CE6-9A791315BCD2}"
EndProject
Project("{FAE04EC0-301F-11D3-BF4B-00C04F79EFBC}") = "Wario.Editor", "Wario.Editor.csproj", "{C0F6E3F2-9174-552A-A6BF-6448827EC929}"
EndProject
Global
	GlobalSection(SolutionConfigurationPlatforms) = preSolution
		Debug|Any CPU = Debug|Any CPU
		Release|Any CPU = Release|Any CPU
	EndGlobalSection
	GlobalSection(ProjectConfigurationPlatforms) = postSolution
		{81CAD5AB-4619-1838-1CE6-9A791315BCD2}.Debug|Any CPU.ActiveCfg = Debug|Any CPU
		{81CAD5AB-4619-1838-1CE6-9A791315BCD2}.Debug|Any CPU.Build.0 = Debug|Any CPU
		{81CAD5AB-4619-1838-1CE6-9A791315BCD2}.Release|Any CPU.ActiveCfg = Release|Any CPU
		{81CAD5AB-4619-1838-1CE6-9A791315BCD2}.Release|Any CPU.Build.0 = Release|Any CPU
		{C0F6E3F2-9174-552A-A6BF-6448827EC929}.Debug|Any CPU.ActiveCfg = Debug|Any CPU
		{C0F6E3F2-9174-552A-A6BF-6448827EC929}.Debug|Any CPU.Build.0 = Debug|Any CPU
		{C0F6E3F2-9174-552A-A6BF-6448827EC929}.Release|Any CPU.ActiveCfg = Release|Any CPU
		{C0F6E3F2-9174-552A-A6BF-6448827EC929}.Release|Any CPU.Build.0 = Release|Any CPU
	EndGlobalSection
	GlobalSection(SolutionProperties) = preSolution
		HideSolutionNode = FALSE
	EndGlobalSection
EndGlobal
